
Microsoft Visual Studio Solution File, Format Version 12.00
# Visual Studio Version 17
VisualStudioVersion = 17.13.35931.197
MinimumVisualStudioVersion = 10.0.40219.1
Project("{FAE04EC0-301F-11D3-BF4B-00C04F79EFBC}") = "RESTfulWebAPITask1", "RESTfulWebAPITask1\RESTfulWebAPITask1.csproj", "{1A621FF3-EB3B-4543-BCE1-B29795B2023F}"
EndProject
Project("{FAE04EC0-301F-11D3-BF4B-00C04F79EFBC}") = "UnitTests", "UnitTests\UnitTests.csproj", "{322134F3-6465-45A6-8FC9-F269CC9A1EDF}"
EndProject
Project("{FAE04EC0-301F-11D3-BF4B-00C04F79EFBC}") = "Shared", "Shared\Shared.csproj", "{9A06E4F2-F5C2-42BB-AA93-F21CE6E8807B}"
EndProject
Global
	GlobalSection(SolutionConfigurationPlatforms) = preSolution
		Debug|Any CPU = Debug|Any CPU
		Release|Any CPU = Release|Any CPU
	EndGlobalSection
	GlobalSection(ProjectConfigurationPlatforms) = postSolution
		{1A621FF3-EB3B-4543-BCE1-B29795B2023F}.Debug|Any CPU.ActiveCfg = Debug|Any CPU
		{1A621FF3-EB3B-4543-BCE1-B29795B2023F}.Debug|Any CPU.Build.0 = Debug|Any CPU
		{1A621FF3-EB3B-4543-BCE1-B29795B2023F}.Release|Any CPU.ActiveCfg = Release|Any CPU
		{1A621FF3-EB3B-4543-BCE1-B29795B2023F}.Release|Any CPU.Build.0 = Release|Any CPU
		{322134F3-6465-45A6-8FC9-F269CC9A1EDF}.Debug|Any CPU.ActiveCfg = Debug|Any CPU
		{322134F3-6465-45A6-8FC9-F269CC9A1EDF}.Debug|Any CPU.Build.0 = Debug|Any CPU
		{322134F3-6465-45A6-8FC9-F269CC9A1EDF}.Release|Any CPU.ActiveCfg = Release|Any CPU
		{322134F3-6465-45A6-8FC9-F269CC9A1EDF}.Release|Any CPU.Build.0 = Release|Any CPU
		{9A06E4F2-F5C2-42BB-AA93-F21CE6E8807B}.Debug|Any CPU.ActiveCfg = Debug|Any CPU
		{9A06E4F2-F5C2-42BB-AA93-F21CE6E8807B}.Debug|Any CPU.Build.0 = Debug|Any CPU
		{9A06E4F2-F5C2-42BB-AA93-F21CE6E8807B}.Release|Any CPU.ActiveCfg = Release|Any CPU
		{9A06E4F2-F5C2-42BB-AA93-F21CE6E8807B}.Release|Any CPU.Build.0 = Release|Any CPU
	EndGlobalSection
	GlobalSection(SolutionProperties) = preSolution
		HideSolutionNode = FALSE
	EndGlobalSection
	GlobalSection(ExtensibilityGlobals) = postSolution
		SolutionGuid = {64E07C37-ED7E-4E14-8522-2ABFA538A17A}
	EndGlobalSection
EndGlobal
